
Microsoft Visual Studio Solution File, Format Version 12.00
# Visual Studio 15
VisualStudioVersion = 15.0.28010.2036
MinimumVisualStudioVersion = 10.0.40219.1
Project("{8BC9CEB8-8B4A-11D0-8D11-00A0C91BC942}") = "2.27", "2.27\2.27.vcxproj", "{CF10EED1-1335-4575-B3B4-002D122575AD}"
EndProject
Global
	GlobalSection(SolutionConfigurationPlatforms) = preSolution
		Debug|x64 = Debug|x64
		Debug|x86 = Debug|x86
		Release|x64 = Release|x64
		Release|x86 = Release|x86
	EndGlobalSection
	GlobalSection(ProjectConfigurationPlatforms) = postSolution
		{CF10EED1-1335-4575-B3B4-002D122575AD}.Debug|x64.ActiveCfg = Debug|x64
		{CF10EED1-1335-4575-B3B4-002D122575AD}.Debug|x64.Build.0 = Debug|x64
		{CF10EED1-1335-4575-B3B4-002D122575AD}.Debug|x86.ActiveCfg = Debug|Win32
		{CF10EED1-1335-4575-B3B4-002D122575AD}.Debug|x86.Build.0 = Debug|Win32
		{CF10EED1-1335-4575-B3B4-002D122575AD}.Release|x64.ActiveCfg = Release|x64
		{CF10EED1-1335-4575-B3B4-002D122575AD}.Release|x64.Build.0 = Release|x64
		{CF10EED1-1335-4575-B3B4-002D122575AD}.Release|x86.ActiveCfg = Release|Win32
		{CF10EED1-1335-4575-B3B4-002D122575AD}.Release|x86.Build.0 = Release|Win32
	EndGlobalSection
	GlobalSection(SolutionProperties) = preSolution
		HideSolutionNode = FALSE
	EndGlobalSection
	GlobalSection(ExtensibilityGlobals) = postSolution
		SolutionGuid = {F977B3D5-62E2-428E-8F5A-51038162BCDC}
	EndGlobalSection
EndGlobal
