
Microsoft Visual Studio Solution File, Format Version 12.00
# Visual Studio 15
VisualStudioVersion = 15.0.28010.2036
MinimumVisualStudioVersion = 10.0.40219.1
Project("{8BC9CEB8-8B4A-11D0-8D11-00A0C91BC942}") = "2.25", "2.25\2.25.vcxproj", "{4A88D234-FD3F-4DA3-B9F4-F96B5E8B898B}"
EndProject
Global
	GlobalSection(SolutionConfigurationPlatforms) = preSolution
		Debug|x64 = Debug|x64
		Debug|x86 = Debug|x86
		Release|x64 = Release|x64
		Release|x86 = Release|x86
	EndGlobalSection
	GlobalSection(ProjectConfigurationPlatforms) = postSolution
		{4A88D234-FD3F-4DA3-B9F4-F96B5E8B898B}.Debug|x64.ActiveCfg = Debug|x64
		{4A88D234-FD3F-4DA3-B9F4-F96B5E8B898B}.Debug|x64.Build.0 = Debug|x64
		{4A88D234-FD3F-4DA3-B9F4-F96B5E8B898B}.Debug|x86.ActiveCfg = Debug|Win32
		{4A88D234-FD3F-4DA3-B9F4-F96B5E8B898B}.Debug|x86.Build.0 = Debug|Win32
		{4A88D234-FD3F-4DA3-B9F4-F96B5E8B898B}.Release|x64.ActiveCfg = Release|x64
		{4A88D234-FD3F-4DA3-B9F4-F96B5E8B898B}.Release|x64.Build.0 = Release|x64
		{4A88D234-FD3F-4DA3-B9F4-F96B5E8B898B}.Release|x86.ActiveCfg = Release|Win32
		{4A88D234-FD3F-4DA3-B9F4-F96B5E8B898B}.Release|x86.Build.0 = Release|Win32
	EndGlobalSection
	GlobalSection(SolutionProperties) = preSolution
		HideSolutionNode = FALSE
	EndGlobalSection
	GlobalSection(ExtensibilityGlobals) = postSolution
		SolutionGuid = {DC1E506C-D26E-480A-A6DB-8B5627B52CCF}
	EndGlobalSection
EndGlobal
